
Microsoft Visual Studio Solution File, Format Version 12.00
# Visual Studio Version 17
VisualStudioVersion = 17.8.34309.116
MinimumVisualStudioVersion = 10.0.40219.1
Project("{9A19103F-16F7-4668-BE54-9A1E7A4F7556}") = "CarRentalManagement.Server", "CarRentalManagement\Server\CarRentalManagement.Server.csproj", "{A39A1657-41F4-4FEC-B9DD-231B61655CE0}"
EndProject
Project("{9A19103F-16F7-4668-BE54-9A1E7A4F7556}") = "CarRentalManagement.Client", "CarRentalManagement\Client\CarRentalManagement.Client.csproj", "{7B1690AD-46B1-4375-A16A-0F6CA4A4A778}"
EndProject
Project("{9A19103F-16F7-4668-BE54-9A1E7A4F7556}") = "CarRentalManagement.Shared", "CarRentalManagement\Shared\CarRentalManagement.Shared.csproj", "{855F5E4C-5415-49FC-BC43-C9147ADE3779}"
EndProject
Global
	GlobalSection(SolutionConfigurationPlatforms) = preSolution
		Debug|Any CPU = Debug|Any CPU
		Release|Any CPU = Release|Any CPU
	EndGlobalSection
	GlobalSection(ProjectConfigurationPlatforms) = postSolution
		{A39A1657-41F4-4FEC-B9DD-231B61655CE0}.Debug|Any CPU.ActiveCfg = Debug|Any CPU
		{A39A1657-41F4-4FEC-B9DD-231B61655CE0}.Debug|Any CPU.Build.0 = Debug|Any CPU
		{A39A1657-41F4-4FEC-B9DD-231B61655CE0}.Release|Any CPU.ActiveCfg = Release|Any CPU
		{A39A1657-41F4-4FEC-B9DD-231B61655CE0}.Release|Any CPU.Build.0 = Release|Any CPU
		{7B1690AD-46B1-4375-A16A-0F6CA4A4A778}.Debug|Any CPU.ActiveCfg = Debug|Any CPU
		{7B1690AD-46B1-4375-A16A-0F6CA4A4A778}.Debug|Any CPU.Build.0 = Debug|Any CPU
		{7B1690AD-46B1-4375-A16A-0F6CA4A4A778}.Release|Any CPU.ActiveCfg = Release|Any CPU
		{7B1690AD-46B1-4375-A16A-0F6CA4A4A778}.Release|Any CPU.Build.0 = Release|Any CPU
		{855F5E4C-5415-49FC-BC43-C9147ADE3779}.Debug|Any CPU.ActiveCfg = Debug|Any CPU
		{855F5E4C-5415-49FC-BC43-C9147ADE3779}.Debug|Any CPU.Build.0 = Debug|Any CPU
		{855F5E4C-5415-49FC-BC43-C9147ADE3779}.Release|Any CPU.ActiveCfg = Release|Any CPU
		{855F5E4C-5415-49FC-BC43-C9147ADE3779}.Release|Any CPU.Build.0 = Release|Any CPU
	EndGlobalSection
	GlobalSection(SolutionProperties) = preSolution
		HideSolutionNode = FALSE
	EndGlobalSection
	GlobalSection(ExtensibilityGlobals) = postSolution
		SolutionGuid = {234D1744-0098-4607-A44D-415B8B0EB924}
	EndGlobalSection
EndGlobal
